// !$*UTF8*$!
{
	archiveVersion = 1;
	classes = {
	};
	objectVersion = 55;
	objects = {

/* Begin PBXBuildFile section */
		49FDEB1928F4AA0100D37D29 /* CodeGraphsApp.swift in Sources */ = {isa = PBXBuildFile; fileRef = 49FDEB1828F4AA0100D37D29 /* CodeGraphsApp.swift */; };
		49FDEB1B28F4AA0100D37D29 /* ContentView.swift in Sources */ = {isa = PBXBuildFile; fileRef = 49FDEB1A28F4AA0100D37D29 /* ContentView.swift */; };
		49FDEB1D28F4AA0200D37D29 /* Assets.xcassets in Resources */ = {isa = PBXBuildFile; fileRef = 49FDEB1C28F4AA0200D37D29 /* Assets.xcassets */; };
		49FDEB2028F4AA0200D37D29 /* Preview Assets.xcassets in Resources */ = {isa = PBXBuildFile; fileRef = 49FDEB1F28F4AA0200D37D29 /* Preview Assets.xcassets */; };
		49FDEB2A28F4AA0200D37D29 /* CodeGraphsTests.swift in Sources */ = {isa = PBXBuildFile; fileRef = 49FDEB2928F4AA0200D37D29 /* CodeGraphsTests.swift */; };
		49FDEB3428F4AA0200D37D29 /* CodeGraphsUITests.swift in Sources */ = {isa = PBXBuildFile; fileRef = 49FDEB3328F4AA0200D37D29 /* CodeGraphsUITests.swift */; };
		49FDEB3628F4AA0200D37D29 /* CodeGraphsUITestsLaunchTests.swift in Sources */ = {isa = PBXBuildFile; fileRef = 49FDEB3528F4AA0200D37D29 /* CodeGraphsUITestsLaunchTests.swift */; };
		49FDEB4928F4AA6900D37D29 /* WidgetKit.framework in Frameworks */ = {isa = PBXBuildFile; fileRef = 49FDEB4828F4AA6900D37D29 /* WidgetKit.framework */; };
		49FDEB4B28F4AA6900D37D29 /* SwiftUI.framework in Frameworks */ = {isa = PBXBuildFile; fileRef = 49FDEB4A28F4AA6900D37D29 /* SwiftUI.framework */; };
		49FDEB4E28F4AA6900D37D29 /* WakaWidgets.swift in Sources */ = {isa = PBXBuildFile; fileRef = 49FDEB4D28F4AA6900D37D29 /* WakaWidgets.swift */; };
		49FDEB5128F4AA6A00D37D29 /* Assets.xcassets in Resources */ = {isa = PBXBuildFile; fileRef = 49FDEB5028F4AA6A00D37D29 /* Assets.xcassets */; };
		49FDEB5328F4AA6A00D37D29 /* WakaWidgets.intentdefinition in Sources */ = {isa = PBXBuildFile; fileRef = 49FDEB4F28F4AA6900D37D29 /* WakaWidgets.intentdefinition */; };
		49FDEB5428F4AA6A00D37D29 /* WakaWidgets.intentdefinition in Sources */ = {isa = PBXBuildFile; fileRef = 49FDEB4F28F4AA6900D37D29 /* WakaWidgets.intentdefinition */; };
		49FDEB5728F4AA6A00D37D29 /* WakaWidgetsExtension.appex in Embed App Extensions */ = {isa = PBXBuildFile; fileRef = 49FDEB4628F4AA6900D37D29 /* WakaWidgetsExtension.appex */; settings = {ATTRIBUTES = (RemoveHeadersOnCopy, ); }; };
/* End PBXBuildFile section */

/* Begin PBXContainerItemProxy section */
		49FDEB2628F4AA0200D37D29 /* PBXContainerItemProxy */ = {
			isa = PBXContainerItemProxy;
			containerPortal = 49FDEB0D28F4AA0100D37D29 /* Project object */;
			proxyType = 1;
			remoteGlobalIDString = 49FDEB1428F4AA0100D37D29;
			remoteInfo = CodeGraphs;
		};
		49FDEB3028F4AA0200D37D29 /* PBXContainerItemProxy */ = {
			isa = PBXContainerItemProxy;
			containerPortal = 49FDEB0D28F4AA0100D37D29 /* Project object */;
			proxyType = 1;
			remoteGlobalIDString = 49FDEB1428F4AA0100D37D29;
			remoteInfo = CodeGraphs;
		};
		49FDEB5528F4AA6A00D37D29 /* PBXContainerItemProxy */ = {
			isa = PBXContainerItemProxy;
			containerPortal = 49FDEB0D28F4AA0100D37D29 /* Project object */;
			proxyType = 1;
			remoteGlobalIDString = 49FDEB4528F4AA6900D37D29;
			remoteInfo = WakaWidgetsExtension;
		};
/* End PBXContainerItemProxy section */

/* Begin PBXCopyFilesBuildPhase section */
		49FDEB5828F4AA6A00D37D29 /* Embed App Extensions */ = {
			isa = PBXCopyFilesBuildPhase;
			buildActionMask = 2147483647;
			dstPath = "";
			dstSubfolderSpec = 13;
			files = (
				49FDEB5728F4AA6A00D37D29 /* WakaWidgetsExtension.appex in Embed App Extensions */,
			);
			name = "Embed App Extensions";
			runOnlyForDeploymentPostprocessing = 0;
		};
/* End PBXCopyFilesBuildPhase section */

/* Begin PBXFileReference section */
		49FDEB1528F4AA0100D37D29 /* CodeGraphs.app */ = {isa = PBXFileReference; explicitFileType = wrapper.application; includeInIndex = 0; path = CodeGraphs.app; sourceTree = BUILT_PRODUCTS_DIR; };
		49FDEB1828F4AA0100D37D29 /* CodeGraphsApp.swift */ = {isa = PBXFileReference; lastKnownFileType = sourcecode.swift; path = CodeGraphsApp.swift; sourceTree = "<group>"; };
		49FDEB1A28F4AA0100D37D29 /* ContentView.swift */ = {isa = PBXFileReference; lastKnownFileType = sourcecode.swift; path = ContentView.swift; sourceTree = "<group>"; };
		49FDEB1C28F4AA0200D37D29 /* Assets.xcassets */ = {isa = PBXFileReference; lastKnownFileType = folder.assetcatalog; path = Assets.xcassets; sourceTree = "<group>"; };
		49FDEB1F28F4AA0200D37D29 /* Preview Assets.xcassets */ = {isa = PBXFileReference; lastKnownFileType = folder.assetcatalog; path = "Preview Assets.xcassets"; sourceTree = "<group>"; };
		49FDEB2528F4AA0200D37D29 /* CodeGraphsTests.xctest */ = {isa = PBXFileReference; explicitFileType = wrapper.cfbundle; includeInIndex = 0; path = CodeGraphsTests.xctest; sourceTree = BUILT_PRODUCTS_DIR; };
		49FDEB2928F4AA0200D37D29 /* CodeGraphsTests.swift */ = {isa = PBXFileReference; lastKnownFileType = sourcecode.swift; path = CodeGraphsTests.swift; sourceTree = "<group>"; };
		49FDEB2F28F4AA0200D37D29 /* CodeGraphsUITests.xctest */ = {isa = PBXFileReference; explicitFileType = wrapper.cfbundle; includeInIndex = 0; path = CodeGraphsUITests.xctest; sourceTree = BUILT_PRODUCTS_DIR; };
		49FDEB3328F4AA0200D37D29 /* CodeGraphsUITests.swift */ = {isa = PBXFileReference; lastKnownFileType = sourcecode.swift; path = CodeGraphsUITests.swift; sourceTree = "<group>"; };
		49FDEB3528F4AA0200D37D29 /* CodeGraphsUITestsLaunchTests.swift */ = {isa = PBXFileReference; lastKnownFileType = sourcecode.swift; path = CodeGraphsUITestsLaunchTests.swift; sourceTree = "<group>"; };
		49FDEB4628F4AA6900D37D29 /* WakaWidgetsExtension.appex */ = {isa = PBXFileReference; explicitFileType = "wrapper.app-extension"; includeInIndex = 0; path = WakaWidgetsExtension.appex; sourceTree = BUILT_PRODUCTS_DIR; };
		49FDEB4828F4AA6900D37D29 /* WidgetKit.framework */ = {isa = PBXFileReference; lastKnownFileType = wrapper.framework; name = WidgetKit.framework; path = System/Library/Frameworks/WidgetKit.framework; sourceTree = SDKROOT; };
		49FDEB4A28F4AA6900D37D29 /* SwiftUI.framework */ = {isa = PBXFileReference; lastKnownFileType = wrapper.framework; name = SwiftUI.framework; path = System/Library/Frameworks/SwiftUI.framework; sourceTree = SDKROOT; };
		49FDEB4D28F4AA6900D37D29 /* WakaWidgets.swift */ = {isa = PBXFileReference; lastKnownFileType = sourcecode.swift; path = WakaWidgets.swift; sourceTree = "<group>"; };
		49FDEB4F28F4AA6900D37D29 /* WakaWidgets.intentdefinition */ = {isa = PBXFileReference; lastKnownFileType = file.intentdefinition; path = WakaWidgets.intentdefinition; sourceTree = "<group>"; };
		49FDEB5028F4AA6A00D37D29 /* Assets.xcassets */ = {isa = PBXFileReference; lastKnownFileType = folder.assetcatalog; path = Assets.xcassets; sourceTree = "<group>"; };
		49FDEB5228F4AA6A00D37D29 /* Info.plist */ = {isa = PBXFileReference; lastKnownFileType = text.plist.xml; path = Info.plist; sourceTree = "<group>"; };
/* End PBXFileReference section */

/* Begin PBXFrameworksBuildPhase section */
		49FDEB1228F4AA0100D37D29 /* Frameworks */ = {
			isa = PBXFrameworksBuildPhase;
			buildActionMask = 2147483647;
			files = (
			);
			runOnlyForDeploymentPostprocessing = 0;
		};
		49FDEB2228F4AA0200D37D29 /* Frameworks */ = {
			isa = PBXFrameworksBuildPhase;
			buildActionMask = 2147483647;
			files = (
			);
			runOnlyForDeploymentPostprocessing = 0;
		};
		49FDEB2C28F4AA0200D37D29 /* Frameworks */ = {
			isa = PBXFrameworksBuildPhase;
			buildActionMask = 2147483647;
			files = (
			);
			runOnlyForDeploymentPostprocessing = 0;
		};
		49FDEB4328F4AA6900D37D29 /* Frameworks */ = {
			isa = PBXFrameworksBuildPhase;
			buildActionMask = 2147483647;
			files = (
				49FDEB4B28F4AA6900D37D29 /* SwiftUI.framework in Frameworks */,
				49FDEB4928F4AA6900D37D29 /* WidgetKit.framework in Frameworks */,
			);
			runOnlyForDeploymentPostprocessing = 0;
		};
/* End PBXFrameworksBuildPhase section */

/* Begin PBXGroup section */
		49FDEB0C28F4AA0100D37D29 = {
			isa = PBXGroup;
			children = (
				49FDEB1728F4AA0100D37D29 /* CodeGraphs */,
				49FDEB2828F4AA0200D37D29 /* CodeGraphsTests */,
				49FDEB3228F4AA0200D37D29 /* CodeGraphsUITests */,
				49FDEB4C28F4AA6900D37D29 /* WakaWidgets */,
				49FDEB4728F4AA6900D37D29 /* Frameworks */,
				49FDEB1628F4AA0100D37D29 /* Products */,
			);
			sourceTree = "<group>";
		};
		49FDEB1628F4AA0100D37D29 /* Products */ = {
			isa = PBXGroup;
			children = (
				49FDEB1528F4AA0100D37D29 /* CodeGraphs.app */,
				49FDEB2528F4AA0200D37D29 /* CodeGraphsTests.xctest */,
				49FDEB2F28F4AA0200D37D29 /* CodeGraphsUITests.xctest */,
				49FDEB4628F4AA6900D37D29 /* WakaWidgetsExtension.appex */,
			);
			name = Products;
			sourceTree = "<group>";
		};
		49FDEB1728F4AA0100D37D29 /* CodeGraphs */ = {
			isa = PBXGroup;
			children = (
				49FDEB1828F4AA0100D37D29 /* CodeGraphsApp.swift */,
				49FDEB1A28F4AA0100D37D29 /* ContentView.swift */,
				49FDEB1C28F4AA0200D37D29 /* Assets.xcassets */,
				49FDEB1E28F4AA0200D37D29 /* Preview Content */,
			);
			path = CodeGraphs;
			sourceTree = "<group>";
		};
		49FDEB1E28F4AA0200D37D29 /* Preview Content */ = {
			isa = PBXGroup;
			children = (
				49FDEB1F28F4AA0200D37D29 /* Preview Assets.xcassets */,
			);
			path = "Preview Content";
			sourceTree = "<group>";
		};
		49FDEB2828F4AA0200D37D29 /* CodeGraphsTests */ = {
			isa = PBXGroup;
			children = (
				49FDEB2928F4AA0200D37D29 /* CodeGraphsTests.swift */,
			);
			path = CodeGraphsTests;
			sourceTree = "<group>";
		};
		49FDEB3228F4AA0200D37D29 /* CodeGraphsUITests */ = {
			isa = PBXGroup;
			children = (
				49FDEB3328F4AA0200D37D29 /* CodeGraphsUITests.swift */,
				49FDEB3528F4AA0200D37D29 /* CodeGraphsUITestsLaunchTests.swift */,
			);
			path = CodeGraphsUITests;
			sourceTree = "<group>";
		};
		49FDEB4728F4AA6900D37D29 /* Frameworks */ = {
			isa = PBXGroup;
			children = (
				49FDEB4828F4AA6900D37D29 /* WidgetKit.framework */,
				49FDEB4A28F4AA6900D37D29 /* SwiftUI.framework */,
			);
			name = Frameworks;
			sourceTree = "<group>";
		};
		49FDEB4C28F4AA6900D37D29 /* WakaWidgets */ = {
			isa = PBXGroup;
			children = (
				49FDEB4D28F4AA6900D37D29 /* WakaWidgets.swift */,
				49FDEB4F28F4AA6900D37D29 /* WakaWidgets.intentdefinition */,
				49FDEB5028F4AA6A00D37D29 /* Assets.xcassets */,
				49FDEB5228F4AA6A00D37D29 /* Info.plist */,
			);
			path = WakaWidgets;
			sourceTree = "<group>";
		};
/* End PBXGroup section */

/* Begin PBXNativeTarget section */
		49FDEB1428F4AA0100D37D29 /* CodeGraphs */ = {
			isa = PBXNativeTarget;
			buildConfigurationList = 49FDEB3928F4AA0200D37D29 /* Build configuration list for PBXNativeTarget "CodeGraphs" */;
			buildPhases = (
				49FDEB1128F4AA0100D37D29 /* Sources */,
				49FDEB1228F4AA0100D37D29 /* Frameworks */,
				49FDEB1328F4AA0100D37D29 /* Resources */,
				49FDEB5828F4AA6A00D37D29 /* Embed App Extensions */,
			);
			buildRules = (
			);
			dependencies = (
				49FDEB5628F4AA6A00D37D29 /* PBXTargetDependency */,
			);
			name = CodeGraphs;
			productName = CodeGraphs;
			productReference = 49FDEB1528F4AA0100D37D29 /* CodeGraphs.app */;
			productType = "com.apple.product-type.application";
		};
		49FDEB2428F4AA0200D37D29 /* CodeGraphsTests */ = {
			isa = PBXNativeTarget;
			buildConfigurationList = 49FDEB3C28F4AA0200D37D29 /* Build configuration list for PBXNativeTarget "CodeGraphsTests" */;
			buildPhases = (
				49FDEB2128F4AA0200D37D29 /* Sources */,
				49FDEB2228F4AA0200D37D29 /* Frameworks */,
				49FDEB2328F4AA0200D37D29 /* Resources */,
			);
			buildRules = (
			);
			dependencies = (
				49FDEB2728F4AA0200D37D29 /* PBXTargetDependency */,
			);
			name = CodeGraphsTests;
			productName = CodeGraphsTests;
			productReference = 49FDEB2528F4AA0200D37D29 /* CodeGraphsTests.xctest */;
			productType = "com.apple.product-type.bundle.unit-test";
		};
		49FDEB2E28F4AA0200D37D29 /* CodeGraphsUITests */ = {
			isa = PBXNativeTarget;
			buildConfigurationList = 49FDEB3F28F4AA0200D37D29 /* Build configuration list for PBXNativeTarget "CodeGraphsUITests" */;
			buildPhases = (
				49FDEB2B28F4AA0200D37D29 /* Sources */,
				49FDEB2C28F4AA0200D37D29 /* Frameworks */,
				49FDEB2D28F4AA0200D37D29 /* Resources */,
			);
			buildRules = (
			);
			dependencies = (
				49FDEB3128F4AA0200D37D29 /* PBXTargetDependency */,
			);
			name = CodeGraphsUITests;
			productName = CodeGraphsUITests;
			productReference = 49FDEB2F28F4AA0200D37D29 /* CodeGraphsUITests.xctest */;
			productType = "com.apple.product-type.bundle.ui-testing";
		};
		49FDEB4528F4AA6900D37D29 /* WakaWidgetsExtension */ = {
			isa = PBXNativeTarget;
			buildConfigurationList = 49FDEB5B28F4AA6A00D37D29 /* Build configuration list for PBXNativeTarget "WakaWidgetsExtension" */;
			buildPhases = (
				49FDEB4228F4AA6900D37D29 /* Sources */,
				49FDEB4328F4AA6900D37D29 /* Frameworks */,
				49FDEB4428F4AA6900D37D29 /* Resources */,
			);
			buildRules = (
			);
			dependencies = (
			);
			name = WakaWidgetsExtension;
			productName = WakaWidgetsExtension;
			productReference = 49FDEB4628F4AA6900D37D29 /* WakaWidgetsExtension.appex */;
			productType = "com.apple.product-type.app-extension";
		};
/* End PBXNativeTarget section */

/* Begin PBXProject section */
		49FDEB0D28F4AA0100D37D29 /* Project object */ = {
			isa = PBXProject;
			attributes = {
				BuildIndependentTargetsInParallel = 1;
				LastSwiftUpdateCheck = 1340;
				LastUpgradeCheck = 1340;
				TargetAttributes = {
					49FDEB1428F4AA0100D37D29 = {
						CreatedOnToolsVersion = 13.4.1;
					};
					49FDEB2428F4AA0200D37D29 = {
						CreatedOnToolsVersion = 13.4.1;
						TestTargetID = 49FDEB1428F4AA0100D37D29;
					};
					49FDEB2E28F4AA0200D37D29 = {
						CreatedOnToolsVersion = 13.4.1;
						TestTargetID = 49FDEB1428F4AA0100D37D29;
					};
					49FDEB4528F4AA6900D37D29 = {
						CreatedOnToolsVersion = 13.4.1;
					};
				};
			};
			buildConfigurationList = 49FDEB1028F4AA0100D37D29 /* Build configuration list for PBXProject "CodeGraphs" */;
			compatibilityVersion = "Xcode 13.0";
			developmentRegion = en;
			hasScannedForEncodings = 0;
			knownRegions = (
				en,
				Base,
			);
			mainGroup = 49FDEB0C28F4AA0100D37D29;
			productRefGroup = 49FDEB1628F4AA0100D37D29 /* Products */;
			projectDirPath = "";
			projectRoot = "";
			targets = (
				49FDEB1428F4AA0100D37D29 /* CodeGraphs */,
				49FDEB2428F4AA0200D37D29 /* CodeGraphsTests */,
				49FDEB2E28F4AA0200D37D29 /* CodeGraphsUITests */,
				49FDEB4528F4AA6900D37D29 /* WakaWidgetsExtension */,
			);
		};
/* End PBXProject section */

/* Begin PBXResourcesBuildPhase section */
		49FDEB1328F4AA0100D37D29 /* Resources */ = {
			isa = PBXResourcesBuildPhase;
			buildActionMask = 2147483647;
			files = (
				49FDEB2028F4AA0200D37D29 /* Preview Assets.xcassets in Resources */,
				49FDEB1D28F4AA0200D37D29 /* Assets.xcassets in Resources */,
			);
			runOnlyForDeploymentPostprocessing = 0;
		};
		49FDEB2328F4AA0200D37D29 /* Resources */ = {
			isa = PBXResourcesBuildPhase;
			buildActionMask = 2147483647;
			files = (
			);
			runOnlyForDeploymentPostprocessing = 0;
		};
		49FDEB2D28F4AA0200D37D29 /* Resources */ = {
			isa = PBXResourcesBuildPhase;
			buildActionMask = 2147483647;
			files = (
			);
			runOnlyForDeploymentPostprocessing = 0;
		};
		49FDEB4428F4AA6900D37D29 /* Resources */ = {
			isa = PBXResourcesBuildPhase;
			buildActionMask = 2147483647;
			files = (
				49FDEB5128F4AA6A00D37D29 /* Assets.xcassets in Resources */,
			);
			runOnlyForDeploymentPostprocessing = 0;
		};
/* End PBXResourcesBuildPhase section */

/* Begin PBXSourcesBuildPhase section */
		49FDEB1128F4AA0100D37D29 /* Sources */ = {
			isa = PBXSourcesBuildPhase;
			buildActionMask = 2147483647;
			files = (
				49FDEB5428F4AA6A00D37D29 /* WakaWidgets.intentdefinition in Sources */,
				49FDEB1B28F4AA0100D37D29 /* ContentView.swift in Sources */,
				49FDEB1928F4AA0100D37D29 /* CodeGraphsApp.swift in Sources */,
			);
			runOnlyForDeploymentPostprocessing = 0;
		};
		49FDEB2128F4AA0200D37D29 /* Sources */ = {
			isa = PBXSourcesBuildPhase;
			buildActionMask = 2147483647;
			files = (
				49FDEB2A28F4AA0200D37D29 /* CodeGraphsTests.swift in Sources */,
			);
			runOnlyForDeploymentPostprocessing = 0;
		};
		49FDEB2B28F4AA0200D37D29 /* Sources */ = {
			isa = PBXSourcesBuildPhase;
			buildActionMask = 2147483647;
			files = (
				49FDEB3628F4AA0200D37D29 /* CodeGraphsUITestsLaunchTests.swift in Sources */,
				49FDEB3428F4AA0200D37D29 /* CodeGraphsUITests.swift in Sources */,
			);
			runOnlyForDeploymentPostprocessing = 0;
		};
		49FDEB4228F4AA6900D37D29 /* Sources */ = {
			isa = PBXSourcesBuildPhase;
			buildActionMask = 2147483647;
			files = (
				49FDEB5328F4AA6A00D37D29 /* WakaWidgets.intentdefinition in Sources */,
				49FDEB4E28F4AA6900D37D29 /* WakaWidgets.swift in Sources */,
			);
			runOnlyForDeploymentPostprocessing = 0;
		};
/* End PBXSourcesBuildPhase section */

/* Begin PBXTargetDependency section */
		49FDEB2728F4AA0200D37D29 /* PBXTargetDependency */ = {
			isa = PBXTargetDependency;
			target = 49FDEB1428F4AA0100D37D29 /* CodeGraphs */;
			targetProxy = 49FDEB2628F4AA0200D37D29 /* PBXContainerItemProxy */;
		};
		49FDEB3128F4AA0200D37D29 /* PBXTargetDependency */ = {
			isa = PBXTargetDependency;
			target = 49FDEB1428F4AA0100D37D29 /* CodeGraphs */;
			targetProxy = 49FDEB3028F4AA0200D37D29 /* PBXContainerItemProxy */;
		};
		49FDEB5628F4AA6A00D37D29 /* PBXTargetDependency */ = {
			isa = PBXTargetDependency;
			target = 49FDEB4528F4AA6900D37D29 /* WakaWidgetsExtension */;
			targetProxy = 49FDEB5528F4AA6A00D37D29 /* PBXContainerItemProxy */;
		};
/* End PBXTargetDependency section */

/* Begin XCBuildConfiguration section */
		49FDEB3728F4AA0200D37D29 /* Debug */ = {
			isa = XCBuildConfiguration;
			buildSettings = {
				ALWAYS_SEARCH_USER_PATHS = NO;
				CLANG_ANALYZER_NONNULL = YES;
				CLANG_ANALYZER_NUMBER_OBJECT_CONVERSION = YES_AGGRESSIVE;
				CLANG_CXX_LANGUAGE_STANDARD = "gnu++17";
				CLANG_ENABLE_MODULES = YES;
				CLANG_ENABLE_OBJC_ARC = YES;
				CLANG_ENABLE_OBJC_WEAK = YES;
				CLANG_WARN_BLOCK_CAPTURE_AUTORELEASING = YES;
				CLANG_WARN_BOOL_CONVERSION = YES;
				CLANG_WARN_COMMA = YES;
				CLANG_WARN_CONSTANT_CONVERSION = YES;
				CLANG_WARN_DEPRECATED_OBJC_IMPLEMENTATIONS = YES;
				CLANG_WARN_DIRECT_OBJC_ISA_USAGE = YES_ERROR;
				CLANG_WARN_DOCUMENTATION_COMMENTS = YES;
				CLANG_WARN_EMPTY_BODY = YES;
				CLANG_WARN_ENUM_CONVERSION = YES;
				CLANG_WARN_INFINITE_RECURSION = YES;
				CLANG_WARN_INT_CONVERSION = YES;
				CLANG_WARN_NON_LITERAL_NULL_CONVERSION = YES;
				CLANG_WARN_OBJC_IMPLICIT_RETAIN_SELF = YES;
				CLANG_WARN_OBJC_LITERAL_CONVERSION = YES;
				CLANG_WARN_OBJC_ROOT_CLASS = YES_ERROR;
				CLANG_WARN_QUOTED_INCLUDE_IN_FRAMEWORK_HEADER = YES;
				CLANG_WARN_RANGE_LOOP_ANALYSIS = YES;
				CLANG_WARN_STRICT_PROTOTYPES = YES;
				CLANG_WARN_SUSPICIOUS_MOVE = YES;
				CLANG_WARN_UNGUARDED_AVAILABILITY = YES_AGGRESSIVE;
				CLANG_WARN_UNREACHABLE_CODE = YES;
				CLANG_WARN__DUPLICATE_METHOD_MATCH = YES;
				COPY_PHASE_STRIP = NO;
				DEBUG_INFORMATION_FORMAT = dwarf;
				ENABLE_STRICT_OBJC_MSGSEND = YES;
				ENABLE_TESTABILITY = YES;
				GCC_C_LANGUAGE_STANDARD = gnu11;
				GCC_DYNAMIC_NO_PIC = NO;
				GCC_NO_COMMON_BLOCKS = YES;
				GCC_OPTIMIZATION_LEVEL = 0;
				GCC_PREPROCESSOR_DEFINITIONS = (
					"DEBUG=1",
					"$(inherited)",
				);
				GCC_WARN_64_TO_32_BIT_CONVERSION = YES;
				GCC_WARN_ABOUT_RETURN_TYPE = YES_ERROR;
				GCC_WARN_UNDECLARED_SELECTOR = YES;
				GCC_WARN_UNINITIALIZED_AUTOS = YES_AGGRESSIVE;
				GCC_WARN_UNUSED_FUNCTION = YES;
				GCC_WARN_UNUSED_VARIABLE = YES;
				IPHONEOS_DEPLOYMENT_TARGET = 15.5;
				MTL_ENABLE_DEBUG_INFO = INCLUDE_SOURCE;
				MTL_FAST_MATH = YES;
				ONLY_ACTIVE_ARCH = YES;
				SDKROOT = iphoneos;
				SWIFT_ACTIVE_COMPILATION_CONDITIONS = DEBUG;
				SWIFT_OPTIMIZATION_LEVEL = "-Onone";
			};
			name = Debug;
		};
		49FDEB3828F4AA0200D37D29 /* Release */ = {
			isa = XCBuildConfiguration;
			buildSettings = {
				ALWAYS_SEARCH_USER_PATHS = NO;
				CLANG_ANALYZER_NONNULL = YES;
				CLANG_ANALYZER_NUMBER_OBJECT_CONVERSION = YES_AGGRESSIVE;
				CLANG_CXX_LANGUAGE_STANDARD = "gnu++17";
				CLANG_ENABLE_MODULES = YES;
				CLANG_ENABLE_OBJC_ARC = YES;
				CLANG_ENABLE_OBJC_WEAK = YES;
				CLANG_WARN_BLOCK_CAPTURE_AUTORELEASING = YES;
				CLANG_WARN_BOOL_CONVERSION = YES;
				CLANG_WARN_COMMA = YES;
				CLANG_WARN_CONSTANT_CONVERSION = YES;
				CLANG_WARN_DEPRECATED_OBJC_IMPLEMENTATIONS = YES;
				CLANG_WARN_DIRECT_OBJC_ISA_USAGE = YES_ERROR;
				CLANG_WARN_DOCUMENTATION_COMMENTS = YES;
				CLANG_WARN_EMPTY_BODY = YES;
				CLANG_WARN_ENUM_CONVERSION = YES;
				CLANG_WARN_INFINITE_RECURSION = YES;
				CLANG_WARN_INT_CONVERSION = YES;
				CLANG_WARN_NON_LITERAL_NULL_CONVERSION = YES;
				CLANG_WARN_OBJC_IMPLICIT_RETAIN_SELF = YES;
				CLANG_WARN_OBJC_LITERAL_CONVERSION = YES;
				CLANG_WARN_OBJC_ROOT_CLASS = YES_ERROR;
				CLANG_WARN_QUOTED_INCLUDE_IN_FRAMEWORK_HEADER = YES;
				CLANG_WARN_RANGE_LOOP_ANALYSIS = YES;
				CLANG_WARN_STRICT_PROTOTYPES = YES;
				CLANG_WARN_SUSPICIOUS_MOVE = YES;
				CLANG_WARN_UNGUARDED_AVAILABILITY = YES_AGGRESSIVE;
				CLANG_WARN_UNREACHABLE_CODE = YES;
				CLANG_WARN__DUPLICATE_METHOD_MATCH = YES;
				COPY_PHASE_STRIP = NO;
				DEBUG_INFORMATION_FORMAT = "dwarf-with-dsym";
				ENABLE_NS_ASSERTIONS = NO;
				ENABLE_STRICT_OBJC_MSGSEND = YES;
				GCC_C_LANGUAGE_STANDARD = gnu11;
				GCC_NO_COMMON_BLOCKS = YES;
				GCC_WARN_64_TO_32_BIT_CONVERSION = YES;
				GCC_WARN_ABOUT_RETURN_TYPE = YES_ERROR;
				GCC_WARN_UNDECLARED_SELECTOR = YES;
				GCC_WARN_UNINITIALIZED_AUTOS = YES_AGGRESSIVE;
				GCC_WARN_UNUSED_FUNCTION = YES;
				GCC_WARN_UNUSED_VARIABLE = YES;
				IPHONEOS_DEPLOYMENT_TARGET = 15.5;
				MTL_ENABLE_DEBUG_INFO = NO;
				MTL_FAST_MATH = YES;
				SDKROOT = iphoneos;
				SWIFT_COMPILATION_MODE = wholemodule;
				SWIFT_OPTIMIZATION_LEVEL = "-O";
				VALIDATE_PRODUCT = YES;
			};
			name = Release;
		};
		49FDEB3A28F4AA0200D37D29 /* Debug */ = {
			isa = XCBuildConfiguration;
			buildSettings = {
				ALWAYS_EMBED_SWIFT_STANDARD_LIBRARIES = YES;
				ASSETCATALOG_COMPILER_APPICON_NAME = AppIcon;
				ASSETCATALOG_COMPILER_GLOBAL_ACCENT_COLOR_NAME = AccentColor;
				CODE_SIGN_STYLE = Automatic;
				CURRENT_PROJECT_VERSION = 1;
				DEVELOPMENT_ASSET_PATHS = "\"CodeGraphs/Preview Content\"";
				DEVELOPMENT_TEAM = 3747AJU379;
				ENABLE_PREVIEWS = YES;
				GENERATE_INFOPLIST_FILE = YES;
				INFOPLIST_KEY_UIApplicationSceneManifest_Generation = YES;
				INFOPLIST_KEY_UIApplicationSupportsIndirectInputEvents = YES;
				INFOPLIST_KEY_UILaunchScreen_Generation = YES;
				INFOPLIST_KEY_UISupportedInterfaceOrientations_iPad = "UIInterfaceOrientationPortrait UIInterfaceOrientationPortraitUpsideDown UIInterfaceOrientationLandscapeLeft UIInterfaceOrientationLandscapeRight";
				INFOPLIST_KEY_UISupportedInterfaceOrientations_iPhone = "UIInterfaceOrientationPortrait UIInterfaceOrientationLandscapeLeft UIInterfaceOrientationLandscapeRight";
				LD_RUNPATH_SEARCH_PATHS = (
					"$(inherited)",
					"@executable_path/Frameworks",
				);
				MARKETING_VERSION = 1.0;
				PRODUCT_BUNDLE_IDENTIFIER = zacwaite.CodeGraphs;
				PRODUCT_NAME = "$(TARGET_NAME)";
				SWIFT_EMIT_LOC_STRINGS = YES;
				SWIFT_VERSION = 5.0;
				TARGETED_DEVICE_FAMILY = "1,2";
			};
			name = Debug;
		};
		49FDEB3B28F4AA0200D37D29 /* Release */ = {
			isa = XCBuildConfiguration;
			buildSettings = {
				ALWAYS_EMBED_SWIFT_STANDARD_LIBRARIES = YES;
				ASSETCATALOG_COMPILER_APPICON_NAME = AppIcon;
				ASSETCATALOG_COMPILER_GLOBAL_ACCENT_COLOR_NAME = AccentColor;
				CODE_SIGN_STYLE = Automatic;
				CURRENT_PROJECT_VERSION = 1;
				DEVELOPMENT_ASSET_PATHS = "\"CodeGraphs/Preview Content\"";
				DEVELOPMENT_TEAM = 3747AJU379;
				ENABLE_PREVIEWS = YES;
				GENERATE_INFOPLIST_FILE = YES;
				INFOPLIST_KEY_UIApplicationSceneManifest_Generation = YES;
				INFOPLIST_KEY_UIApplicationSupportsIndirectInputEvents = YES;
				INFOPLIST_KEY_UILaunchScreen_Generation = YES;
				INFOPLIST_KEY_UISupportedInterfaceOrientations_iPad = "UIInterfaceOrientationPortrait UIInterfaceOrientationPortraitUpsideDown UIInterfaceOrientationLandscapeLeft UIInterfaceOrientationLandscapeRight";
				INFOPLIST_KEY_UISupportedInterfaceOrientations_iPhone = "UIInterfaceOrientationPortrait UIInterfaceOrientationLandscapeLeft UIInterfaceOrientationLandscapeRight";
				LD_RUNPATH_SEARCH_PATHS = (
					"$(inherited)",
					"@executable_path/Frameworks",
				);
				MARKETING_VERSION = 1.0;
				PRODUCT_BUNDLE_IDENTIFIER = zacwaite.CodeGraphs;
				PRODUCT_NAME = "$(TARGET_NAME)";
				SWIFT_EMIT_LOC_STRINGS = YES;
				SWIFT_VERSION = 5.0;
				TARGETED_DEVICE_FAMILY = "1,2";
			};
			name = Release;
		};
		49FDEB3D28F4AA0200D37D29 /* Debug */ = {
			isa = XCBuildConfiguration;
			buildSettings = {
				ALWAYS_EMBED_SWIFT_STANDARD_LIBRARIES = YES;
				BUNDLE_LOADER = "$(TEST_HOST)";
				CODE_SIGN_STYLE = Automatic;
				CURRENT_PROJECT_VERSION = 1;
				DEVELOPMENT_TEAM = 3747AJU379;
				GENERATE_INFOPLIST_FILE = YES;
				IPHONEOS_DEPLOYMENT_TARGET = 15.5;
				MARKETING_VERSION = 1.0;
				PRODUCT_BUNDLE_IDENTIFIER = zacwaite.CodeGraphsTests;
				PRODUCT_NAME = "$(TARGET_NAME)";
				SWIFT_EMIT_LOC_STRINGS = NO;
				SWIFT_VERSION = 5.0;
				TARGETED_DEVICE_FAMILY = "1,2";
				TEST_HOST = "$(BUILT_PRODUCTS_DIR)/CodeGraphs.app/CodeGraphs";
			};
			name = Debug;
		};
		49FDEB3E28F4AA0200D37D29 /* Release */ = {
			isa = XCBuildConfiguration;
			buildSettings = {
				ALWAYS_EMBED_SWIFT_STANDARD_LIBRARIES = YES;
				BUNDLE_LOADER = "$(TEST_HOST)";
				CODE_SIGN_STYLE = Automatic;
				CURRENT_PROJECT_VERSION = 1;
				DEVELOPMENT_TEAM = 3747AJU379;
				GENERATE_INFOPLIST_FILE = YES;
				IPHONEOS_DEPLOYMENT_TARGET = 15.5;
				MARKETING_VERSION = 1.0;
				PRODUCT_BUNDLE_IDENTIFIER = zacwaite.CodeGraphsTests;
				PRODUCT_NAME = "$(TARGET_NAME)";
				SWIFT_EMIT_LOC_STRINGS = NO;
				SWIFT_VERSION = 5.0;
				TARGETED_DEVICE_FAMILY = "1,2";
				TEST_HOST = "$(BUILT_PRODUCTS_DIR)/CodeGraphs.app/CodeGraphs";
			};
			name = Release;
		};
		49FDEB4028F4AA0200D37D29 /* Debug */ = {
			isa = XCBuildConfiguration;
			buildSettings = {
				ALWAYS_EMBED_SWIFT_STANDARD_LIBRARIES = YES;
				CODE_SIGN_STYLE = Automatic;
				CURRENT_PROJECT_VERSION = 1;
				DEVELOPMENT_TEAM = 3747AJU379;
				GENERATE_INFOPLIST_FILE = YES;
				MARKETING_VERSION = 1.0;
				PRODUCT_BUNDLE_IDENTIFIER = zacwaite.CodeGraphsUITests;
				PRODUCT_NAME = "$(TARGET_NAME)";
				SWIFT_EMIT_LOC_STRINGS = NO;
				SWIFT_VERSION = 5.0;
				TARGETED_DEVICE_FAMILY = "1,2";
				TEST_TARGET_NAME = CodeGraphs;
			};
			name = Debug;
		};
		49FDEB4128F4AA0200D37D29 /* Release */ = {
			isa = XCBuildConfiguration;
			buildSettings = {
				ALWAYS_EMBED_SWIFT_STANDARD_LIBRARIES = YES;
				CODE_SIGN_STYLE = Automatic;
				CURRENT_PROJECT_VERSION = 1;
				DEVELOPMENT_TEAM = 3747AJU379;
				GENERATE_INFOPLIST_FILE = YES;
				MARKETING_VERSION = 1.0;
				PRODUCT_BUNDLE_IDENTIFIER = zacwaite.CodeGraphsUITests;
				PRODUCT_NAME = "$(TARGET_NAME)";
				SWIFT_EMIT_LOC_STRINGS = NO;
				SWIFT_VERSION = 5.0;
				TARGETED_DEVICE_FAMILY = "1,2";
				TEST_TARGET_NAME = CodeGraphs;
			};
			name = Release;
		};
		49FDEB5928F4AA6A00D37D29 /* Debug */ = {
			isa = XCBuildConfiguration;
			buildSettings = {
				ASSETCATALOG_COMPILER_GLOBAL_ACCENT_COLOR_NAME = AccentColor;
				ASSETCATALOG_COMPILER_WIDGET_BACKGROUND_COLOR_NAME = WidgetBackground;
				CODE_SIGN_STYLE = Automatic;
				CURRENT_PROJECT_VERSION = 1;
				DEVELOPMENT_TEAM = 3747AJU379;
				GENERATE_INFOPLIST_FILE = YES;
				INFOPLIST_FILE = WakaWidgets/Info.plist;
				INFOPLIST_KEY_CFBundleDisplayName = WakaWidgets;
				INFOPLIST_KEY_NSHumanReadableCopyright = "";
				LD_RUNPATH_SEARCH_PATHS = (
					"$(inherited)",
					"@executable_path/Frameworks",
					"@executable_path/../../Frameworks",
				);
				MARKETING_VERSION = 1.0;
				PRODUCT_BUNDLE_IDENTIFIER = zacwaite.CodeGraphs.WakaWidgets;
				PRODUCT_NAME = "$(TARGET_NAME)";
				SKIP_INSTALL = YES;
				SWIFT_EMIT_LOC_STRINGS = YES;
				SWIFT_VERSION = 5.0;
				TARGETED_DEVICE_FAMILY = "1,2";
			};
			name = Debug;
		};
		49FDEB5A28F4AA6A00D37D29 /* Release */ = {
			isa = XCBuildConfiguration;
			buildSettings = {
				ASSETCATALOG_COMPILER_GLOBAL_ACCENT_COLOR_NAME = AccentColor;
				ASSETCATALOG_COMPILER_WIDGET_BACKGROUND_COLOR_NAME = WidgetBackground;
				CODE_SIGN_STYLE = Automatic;
				CURRENT_PROJECT_VERSION = 1;
				DEVELOPMENT_TEAM = 3747AJU379;
				GENERATE_INFOPLIST_FILE = YES;
				INFOPLIST_FILE = WakaWidgets/Info.plist;
				INFOPLIST_KEY_CFBundleDisplayName = WakaWidgets;
				INFOPLIST_KEY_NSHumanReadableCopyright = "";
				LD_RUNPATH_SEARCH_PATHS = (
					"$(inherited)",
					"@executable_path/Frameworks",
					"@executable_path/../../Frameworks",
				);
				MARKETING_VERSION = 1.0;
				PRODUCT_BUNDLE_IDENTIFIER = zacwaite.CodeGraphs.WakaWidgets;
				PRODUCT_NAME = "$(TARGET_NAME)";
				SKIP_INSTALL = YES;
				SWIFT_EMIT_LOC_STRINGS = YES;
				SWIFT_VERSION = 5.0;
				TARGETED_DEVICE_FAMILY = "1,2";
			};
			name = Release;
		};
/* End XCBuildConfiguration section */

/* Begin XCConfigurationList section */
		49FDEB1028F4AA0100D37D29 /* Build configuration list for PBXProject "CodeGraphs" */ = {
			isa = XCConfigurationList;
			buildConfigurations = (
				49FDEB3728F4AA0200D37D29 /* Debug */,
				49FDEB3828F4AA0200D37D29 /* Release */,
			);
			defaultConfigurationIsVisible = 0;
			defaultConfigurationName = Release;
		};
		49FDEB3928F4AA0200D37D29 /* Build configuration list for PBXNativeTarget "CodeGraphs" */ = {
			isa = XCConfigurationList;
			buildConfigurations = (
				49FDEB3A28F4AA0200D37D29 /* Debug */,
				49FDEB3B28F4AA0200D37D29 /* Release */,
			);
			defaultConfigurationIsVisible = 0;
			defaultConfigurationName = Release;
		};
		49FDEB3C28F4AA0200D37D29 /* Build configuration list for PBXNativeTarget "CodeGraphsTests" */ = {
			isa = XCConfigurationList;
			buildConfigurations = (
				49FDEB3D28F4AA0200D37D29 /* Debug */,
				49FDEB3E28F4AA0200D37D29 /* Release */,
			);
			defaultConfigurationIsVisible = 0;
			defaultConfigurationName = Release;
		};
		49FDEB3F28F4AA0200D37D29 /* Build configuration list for PBXNativeTarget "CodeGraphsUITests" */ = {
			isa = XCConfigurationList;
			buildConfigurations = (
				49FDEB4028F4AA0200D37D29 /* Debug */,
				49FDEB4128F4AA0200D37D29 /* Release */,
			);
			defaultConfigurationIsVisible = 0;
			defaultConfigurationName = Release;
		};
		49FDEB5B28F4AA6A00D37D29 /* Build configuration list for PBXNativeTarget "WakaWidgetsExtension" */ = {
			isa = XCConfigurationList;
			buildConfigurations = (
				49FDEB5928F4AA6A00D37D29 /* Debug */,
				49FDEB5A28F4AA6A00D37D29 /* Release */,
			);
			defaultConfigurationIsVisible = 0;
			defaultConfigurationName = Release;
		};
/* End XCConfigurationList section */
	};
	rootObject = 49FDEB0D28F4AA0100D37D29 /* Project object */;
}
